packages:
- package: dbt-labs/codegen
  name: codegen
  version: 0.14.0
- git: https://github.com/JNStayton/cost-optimization-package.git
  name: dbt_cost_optimization_package
  revision: dabf34c4c867f797e56389a8e6ce7405666e6b31
- package: dbt-labs/dbt_utils
  name: dbt_utils
  version: 1.3.3
sha1_hash: db0d94cbf530e6bf2e165f47b93cbe8a8c52c399
