packages:
- package: dbt-labs/codegen
  name: codegen
  version: 0.14.0
- git: https://github.com/JNStayton/cost-optimization-package.git
  name: dbt_cost_optimization_package
  revision: 6414d1f22aec84b19e0cb766580bf741b77960f4
- package: dbt-labs/dbt_utils
  name: dbt_utils
  version: 1.3.3
sha1_hash: cedcb754ec332941f5f231ee01c0d939eeb0f0e4
